{
  "requires": true,
  "lockfileVersion": 1,
  "dependencies": {
    "react-animated-weather": {
      "version": "4.0.1",
      "resolved": "https://registry.npmjs.org/react-animated-weather/-/react-animated-weather-4.0.1.tgz",
      "integrity": "sha512-ipEa3yW3rld1UAHAmm7Bltn5BOH3O2B491R0ws51kwFtqQ6fc5KWUiBQ0e4sO/XjoeqCkAN/Y98lWx1qZMR84g=="
    }
  }
}
